// !$*UTF8*$!
{
	archiveVersion = 1;
	classes = {
	};
	objectVersion = 50;
	objects = {

/* Begin PBXBuildFile section */
		849F6CDF21C6D8DA0049B229 /* AppDelegate.swift in Sources */ = {isa = PBXBuildFile; fileRef = 849F6CDE21C6D8DA0049B229 /* AppDelegate.swift */; };
		849F6CE121C6D8DA0049B229 /* HomeController.swift in Sources */ = {isa = PBXBuildFile; fileRef = 849F6CE021C6D8DA0049B229 /* HomeController.swift */; };
		849F6CE421C6D8DA0049B229 /* Main.storyboard in Resources */ = {isa = PBXBuildFile; fileRef = 849F6CE221C6D8DA0049B229 /* Main.storyboard */; };
		849F6CE621C6D8DC0049B229 /* Assets.xcassets in Resources */ = {isa = PBXBuildFile; fileRef = 849F6CE521C6D8DC0049B229 /* Assets.xcassets */; };
		849F6CE921C6D8DC0049B229 /* LaunchScreen.storyboard in Resources */ = {isa = PBXBuildFile; fileRef = 849F6CE721C6D8DC0049B229 /* LaunchScreen.storyboard */; };
		849F6CF121C6DAF00049B229 /* Extensions.swift in Sources */ = {isa = PBXBuildFile; fileRef = 849F6CF021C6DAF00049B229 /* Extensions.swift */; };
		849F6CF321C6E2090049B229 /* IconView.swift in Sources */ = {isa = PBXBuildFile; fileRef = 849F6CF221C6E2090049B229 /* IconView.swift */; };
/* End PBXBuildFile section */

/* Begin PBXFileReference section */
		849F6CDB21C6D8DA0049B229 /* TikTokSim.app */ = {isa = PBXFileReference; explicitFileType = wrapper.application; includeInIndex = 0; path = TikTokSim.app; sourceTree = BUILT_PRODUCTS_DIR; };
		849F6CDE21C6D8DA0049B229 /* AppDelegate.swift */ = {isa = PBXFileReference; lastKnownFileType = sourcecode.swift; path = AppDelegate.swift; sourceTree = "<group>"; };
		849F6CE021C6D8DA0049B229 /* HomeController.swift */ = {isa = PBXFileReference; lastKnownFileType = sourcecode.swift; path = HomeController.swift; sourceTree = "<group>"; };
		849F6CE321C6D8DA0049B229 /* Base */ = {isa = PBXFileReference; lastKnownFileType = file.storyboard; name = Base; path = Base.lproj/Main.storyboard; sourceTree = "<group>"; };
		849F6CE521C6D8DC0049B229 /* Assets.xcassets */ = {isa = PBXFileReference; lastKnownFileType = folder.assetcatalog; path = Assets.xcassets; sourceTree = "<group>"; };
		849F6CE821C6D8DC0049B229 /* Base */ = {isa = PBXFileReference; lastKnownFileType = file.storyboard; name = Base; path = Base.lproj/LaunchScreen.storyboard; sourceTree = "<group>"; };
		849F6CEA21C6D8DC0049B229 /* Info.plist */ = {isa = PBXFileReference; lastKnownFileType = text.plist.xml; path = Info.plist; sourceTree = "<group>"; };
		849F6CF021C6DAF00049B229 /* Extensions.swift */ = {isa = PBXFileReference; fileEncoding = 4; lastKnownFileType = sourcecode.swift; path = Extensions.swift; sourceTree = "<group>"; };
		849F6CF221C6E2090049B229 /* IconView.swift */ = {isa = PBXFileReference; lastKnownFileType = sourcecode.swift; path = IconView.swift; sourceTree = "<group>"; };
/* End PBXFileReference section */

/* Begin PBXFrameworksBuildPhase section */
		849F6CD821C6D8DA0049B229 /* Frameworks */ = {
			isa = PBXFrameworksBuildPhase;
			buildActionMask = 2147483647;
			files = (
			);
			runOnlyForDeploymentPostprocessing = 0;
		};
/* End PBXFrameworksBuildPhase section */

/* Begin PBXGroup section */
		849F6CD221C6D8DA0049B229 = {
			isa = PBXGroup;
			children = (
				849F6CDD21C6D8DA0049B229 /* TikTokSim */,
				849F6CDC21C6D8DA0049B229 /* Products */,
			);
			sourceTree = "<group>";
		};
		849F6CDC21C6D8DA0049B229 /* Products */ = {
			isa = PBXGroup;
			children = (
				849F6CDB21C6D8DA0049B229 /* TikTokSim.app */,
			);
			name = Products;
			sourceTree = "<group>";
		};
		849F6CDD21C6D8DA0049B229 /* TikTokSim */ = {
			isa = PBXGroup;
			children = (
				849F6CF421C6E2460049B229 /* Controllers */,
				849F6CDE21C6D8DA0049B229 /* AppDelegate.swift */,
				849F6CE221C6D8DA0049B229 /* Main.storyboard */,
				849F6CF021C6DAF00049B229 /* Extensions.swift */,
				849F6CE521C6D8DC0049B229 /* Assets.xcassets */,
				849F6CE721C6D8DC0049B229 /* LaunchScreen.storyboard */,
				849F6CEA21C6D8DC0049B229 /* Info.plist */,
				849F6CF221C6E2090049B229 /* IconView.swift */,
			);
			path = TikTokSim;
			sourceTree = "<group>";
		};
		849F6CF421C6E2460049B229 /* Controllers */ = {
			isa = PBXGroup;
			children = (
				849F6CE021C6D8DA0049B229 /* HomeController.swift */,
			);
			path = Controllers;
			sourceTree = "<group>";
		};
/* End PBXGroup section */

/* Begin PBXNativeTarget section */
		849F6CDA21C6D8DA0049B229 /* TikTokSim */ = {
			isa = PBXNativeTarget;
			buildConfigurationList = 849F6CED21C6D8DC0049B229 /* Build configuration list for PBXNativeTarget "TikTokSim" */;
			buildPhases = (
				849F6CD721C6D8DA0049B229 /* Sources */,
				849F6CD821C6D8DA0049B229 /* Frameworks */,
				849F6CD921C6D8DA0049B229 /* Resources */,
			);
			buildRules = (
			);
			dependencies = (
			);
			name = TikTokSim;
			productName = TikTokSim;
			productReference = 849F6CDB21C6D8DA0049B229 /* TikTokSim.app */;
			productType = "com.apple.product-type.application";
		};
/* End PBXNativeTarget section */

/* Begin PBXProject section */
		849F6CD321C6D8DA0049B229 /* Project object */ = {
			isa = PBXProject;
			attributes = {
				LastSwiftUpdateCheck = 1010;
				LastUpgradeCheck = 1010;
				ORGANIZATIONNAME = admin;
				TargetAttributes = {
					849F6CDA21C6D8DA0049B229 = {
						CreatedOnToolsVersion = 10.1;
					};
				};
			};
			buildConfigurationList = 849F6CD621C6D8DA0049B229 /* Build configuration list for PBXProject "TikTokSim" */;
			compatibilityVersion = "Xcode 9.3";
			developmentRegion = en;
			hasScannedForEncodings = 0;
			knownRegions = (
				en,
				Base,
			);
			mainGroup = 849F6CD221C6D8DA0049B229;
			productRefGroup = 849F6CDC21C6D8DA0049B229 /* Products */;
			projectDirPath = "";
			projectRoot = "";
			targets = (
				849F6CDA21C6D8DA0049B229 /* TikTokSim */,
			);
		};
/* End PBXProject section */

/* Begin PBXResourcesBuildPhase section */
		849F6CD921C6D8DA0049B229 /* Resources */ = {
			isa = PBXResourcesBuildPhase;
			buildActionMask = 2147483647;
			files = (
				849F6CE921C6D8DC0049B229 /* LaunchScreen.storyboard in Resources */,
				849F6CE621C6D8DC0049B229 /* Assets.xcassets in Resources */,
				849F6CE421C6D8DA0049B229 /* Main.storyboard in Resources */,
			);
			runOnlyForDeploymentPostprocessing = 0;
		};
/* End PBXResourcesBuildPhase section */

/* Begin PBXSourcesBuildPhase section */
		849F6CD721C6D8DA0049B229 /* Sources */ = {
			isa = PBXSourcesBuildPhase;
			buildActionMask = 2147483647;
			files = (
				849F6CE121C6D8DA0049B229 /* HomeController.swift in Sources */,
				849F6CF321C6E2090049B229 /* IconView.swift in Sources */,
				849F6CF121C6DAF00049B229 /* Extensions.swift in Sources */,
				849F6CDF21C6D8DA0049B229 /* AppDelegate.swift in Sources */,
			);
			runOnlyForDeploymentPostprocessing = 0;
		};
/* End PBXSourcesBuildPhase section */

/* Begin PBXVariantGroup section */
		849F6CE221C6D8DA0049B229 /* Main.storyboard */ = {
			isa = PBXVariantGroup;
			children = (
				849F6CE321C6D8DA0049B229 /* Base */,
			);
			name = Main.storyboard;
			sourceTree = "<group>";
		};
		849F6CE721C6D8DC0049B229 /* LaunchScreen.storyboard */ = {
			isa = PBXVariantGroup;
			children = (
				849F6CE821C6D8DC0049B229 /* Base */,
			);
			name = LaunchScreen.storyboard;
			sourceTree = "<group>";
		};
/* End PBXVariantGroup section */

/* Begin XCBuildConfiguration section */
		849F6CEB21C6D8DC0049B229 /* Debug */ = {
			isa = XCBuildConfiguration;
			buildSettings = {
				ALWAYS_SEARCH_USER_PATHS = NO;
				CLANG_ANALYZER_NONNULL = YES;
				CLANG_ANALYZER_NUMBER_OBJECT_CONVERSION = YES_AGGRESSIVE;
				CLANG_CXX_LANGUAGE_STANDARD = "gnu++14";
				CLANG_CXX_LIBRARY = "libc++";
				CLANG_ENABLE_MODULES = YES;
				CLANG_ENABLE_OBJC_ARC = YES;
				CLANG_ENABLE_OBJC_WEAK = YES;
				CLANG_WARN_BLOCK_CAPTURE_AUTORELEASING = YES;
				CLANG_WARN_BOOL_CONVERSION = YES;
				CLANG_WARN_COMMA = YES;
				CLANG_WARN_CONSTANT_CONVERSION = YES;
				CLANG_WARN_DEPRECATED_OBJC_IMPLEMENTATIONS = YES;
				CLANG_WARN_DIRECT_OBJC_ISA_USAGE = YES_ERROR;
				CLANG_WARN_DOCUMENTATION_COMMENTS = YES;
				CLANG_WARN_EMPTY_BODY = YES;
				CLANG_WARN_ENUM_CONVERSION = YES;
				CLANG_WARN_INFINITE_RECURSION = YES;
				CLANG_WARN_INT_CONVERSION = YES;
				CLANG_WARN_NON_LITERAL_NULL_CONVERSION = YES;
				CLANG_WARN_OBJC_IMPLICIT_RETAIN_SELF = YES;
				CLANG_WARN_OBJC_LITERAL_CONVERSION = YES;
				CLANG_WARN_OBJC_ROOT_CLASS = YES_ERROR;
				CLANG_WARN_RANGE_LOOP_ANALYSIS = YES;
				CLANG_WARN_STRICT_PROTOTYPES = YES;
				CLANG_WARN_SUSPICIOUS_MOVE = YES;
				CLANG_WARN_UNGUARDED_AVAILABILITY = YES_AGGRESSIVE;
				CLANG_WARN_UNREACHABLE_CODE = YES;
				CLANG_WARN__DUPLICATE_METHOD_MATCH = YES;
				CODE_SIGN_IDENTITY = "iPhone Developer";
				COPY_PHASE_STRIP = NO;
				DEBUG_INFORMATION_FORMAT = dwarf;
				ENABLE_STRICT_OBJC_MSGSEND = YES;
				ENABLE_TESTABILITY = YES;
				GCC_C_LANGUAGE_STANDARD = gnu11;
				GCC_DYNAMIC_NO_PIC = NO;
				GCC_NO_COMMON_BLOCKS = YES;
				GCC_OPTIMIZATION_LEVEL = 0;
				GCC_PREPROCESSOR_DEFINITIONS = (
					"DEBUG=1",
					"$(inherited)",
				);
				GCC_WARN_64_TO_32_BIT_CONVERSION = YES;
				GCC_WARN_ABOUT_RETURN_TYPE = YES_ERROR;
				GCC_WARN_UNDECLARED_SELECTOR = YES;
				GCC_WARN_UNINITIALIZED_AUTOS = YES_AGGRESSIVE;
				GCC_WARN_UNUSED_FUNCTION = YES;
				GCC_WARN_UNUSED_VARIABLE = YES;
				IPHONEOS_DEPLOYMENT_TARGET = 12.1;
				MTL_ENABLE_DEBUG_INFO = INCLUDE_SOURCE;
				MTL_FAST_MATH = YES;
				ONLY_ACTIVE_ARCH = YES;
				SDKROOT = iphoneos;
				SWIFT_ACTIVE_COMPILATION_CONDITIONS = DEBUG;
				SWIFT_OPTIMIZATION_LEVEL = "-Onone";
			};
			name = Debug;
		};
		849F6CEC21C6D8DC0049B229 /* Release */ = {
			isa = XCBuildConfiguration;
			buildSettings = {
				ALWAYS_SEARCH_USER_PATHS = NO;
				CLANG_ANALYZER_NONNULL = YES;
				CLANG_ANALYZER_NUMBER_OBJECT_CONVERSION = YES_AGGRESSIVE;
				CLANG_CXX_LANGUAGE_STANDARD = "gnu++14";
				CLANG_CXX_LIBRARY = "libc++";
				CLANG_ENABLE_MODULES = YES;
				CLANG_ENABLE_OBJC_ARC = YES;
				CLANG_ENABLE_OBJC_WEAK = YES;
				CLANG_WARN_BLOCK_CAPTURE_AUTORELEASING = YES;
				CLANG_WARN_BOOL_CONVERSION = YES;
				CLANG_WARN_COMMA = YES;
				CLANG_WARN_CONSTANT_CONVERSION = YES;
				CLANG_WARN_DEPRECATED_OBJC_IMPLEMENTATIONS = YES;
				CLANG_WARN_DIRECT_OBJC_ISA_USAGE = YES_ERROR;
				CLANG_WARN_DOCUMENTATION_COMMENTS = YES;
				CLANG_WARN_EMPTY_BODY = YES;
				CLANG_WARN_ENUM_CONVERSION = YES;
				CLANG_WARN_INFINITE_RECURSION = YES;
				CLANG_WARN_INT_CONVERSION = YES;
				CLANG_WARN_NON_LITERAL_NULL_CONVERSION = YES;
				CLANG_WARN_OBJC_IMPLICIT_RETAIN_SELF = YES;
				CLANG_WARN_OBJC_LITERAL_CONVERSION = YES;
				CLANG_WARN_OBJC_ROOT_CLASS = YES_ERROR;
				CLANG_WARN_RANGE_LOOP_ANALYSIS = YES;
				CLANG_WARN_STRICT_PROTOTYPES = YES;
				CLANG_WARN_SUSPICIOUS_MOVE = YES;
				CLANG_WARN_UNGUARDED_AVAILABILITY = YES_AGGRESSIVE;
				CLANG_WARN_UNREACHABLE_CODE = YES;
				CLANG_WARN__DUPLICATE_METHOD_MATCH = YES;
				CODE_SIGN_IDENTITY = "iPhone Developer";
				COPY_PHASE_STRIP = NO;
				DEBUG_INFORMATION_FORMAT = "dwarf-with-dsym";
				ENABLE_NS_ASSERTIONS = NO;
				ENABLE_STRICT_OBJC_MSGSEND = YES;
				GCC_C_LANGUAGE_STANDARD = gnu11;
				GCC_NO_COMMON_BLOCKS = YES;
				GCC_WARN_64_TO_32_BIT_CONVERSION = YES;
				GCC_WARN_ABOUT_RETURN_TYPE = YES_ERROR;
				GCC_WARN_UNDECLARED_SELECTOR = YES;
				GCC_WARN_UNINITIALIZED_AUTOS = YES_AGGRESSIVE;
				GCC_WARN_UNUSED_FUNCTION = YES;
				GCC_WARN_UNUSED_VARIABLE = YES;
				IPHONEOS_DEPLOYMENT_TARGET = 12.1;
				MTL_ENABLE_DEBUG_INFO = NO;
				MTL_FAST_MATH = YES;
				SDKROOT = iphoneos;
				SWIFT_COMPILATION_MODE = wholemodule;
				SWIFT_OPTIMIZATION_LEVEL = "-O";
				VALIDATE_PRODUCT = YES;
			};
			name = Release;
		};
		849F6CEE21C6D8DC0049B229 /* Debug */ = {
			isa = XCBuildConfiguration;
			buildSettings = {
				ASSETCATALOG_COMPILER_APPICON_NAME = AppIcon;
				CODE_SIGN_STYLE = Automatic;
				DEVELOPMENT_TEAM = S47KDE6E7N;
				INFOPLIST_FILE = TikTokSim/Info.plist;
				LD_RUNPATH_SEARCH_PATHS = (
					"$(inherited)",
					"@executable_path/Frameworks",
				);
				PRODUCT_BUNDLE_IDENTIFIER = edu.asf.we.sa.TikTokSim;
				PRODUCT_NAME = "$(TARGET_NAME)";
				SWIFT_VERSION = 4.2;
				TARGETED_DEVICE_FAMILY = "1,2";
			};
			name = Debug;
		};
		849F6CEF21C6D8DC0049B229 /* Release */ = {
			isa = XCBuildConfiguration;
			buildSettings = {
				ASSETCATALOG_COMPILER_APPICON_NAME = AppIcon;
				CODE_SIGN_STYLE = Automatic;
				DEVELOPMENT_TEAM = S47KDE6E7N;
				INFOPLIST_FILE = TikTokSim/Info.plist;
				LD_RUNPATH_SEARCH_PATHS = (
					"$(inherited)",
					"@executable_path/Frameworks",
				);
				PRODUCT_BUNDLE_IDENTIFIER = edu.asf.we.sa.TikTokSim;
				PRODUCT_NAME = "$(TARGET_NAME)";
				SWIFT_VERSION = 4.2;
				TARGETED_DEVICE_FAMILY = "1,2";
			};
			name = Release;
		};
/* End XCBuildConfiguration section */

/* Begin XCConfigurationList section */
		849F6CD621C6D8DA0049B229 /* Build configuration list for PBXProject "TikTokSim" */ = {
			isa = XCConfigurationList;
			buildConfigurations = (
				849F6CEB21C6D8DC0049B229 /* Debug */,
				849F6CEC21C6D8DC0049B229 /* Release */,
			);
			defaultConfigurationIsVisible = 0;
			defaultConfigurationName = Release;
		};
		849F6CED21C6D8DC0049B229 /* Build configuration list for PBXNativeTarget "TikTokSim" */ = {
			isa = XCConfigurationList;
			buildConfigurations = (
				849F6CEE21C6D8DC0049B229 /* Debug */,
				849F6CEF21C6D8DC0049B229 /* Release */,
			);
			defaultConfigurationIsVisible = 0;
			defaultConfigurationName = Release;
		};
/* End XCConfigurationList section */
	};
	rootObject = 849F6CD321C6D8DA0049B229 /* Project object */;
}
